// !$*UTF8*$!
{
	archiveVersion = 1;
	classes = {
	};
	objectVersion = 55;
	objects = {

/* Begin PBXBuildFile section */
		400D259A27FDBBC200C55D4D /* Tests_iOS.swift in Sources */ = {isa = PBXBuildFile; fileRef = 400D259927FDBBC200C55D4D /* Tests_iOS.swift */; };
		400D259C27FDBBC200C55D4D /* Tests_iOSLaunchTests.swift in Sources */ = {isa = PBXBuildFile; fileRef = 400D259B27FDBBC200C55D4D /* Tests_iOSLaunchTests.swift */; };
		400D25A627FDBBC200C55D4D /* Tests_macOS.swift in Sources */ = {isa = PBXBuildFile; fileRef = 400D25A527FDBBC200C55D4D /* Tests_macOS.swift */; };
		400D25A827FDBBC200C55D4D /* Tests_macOSLaunchTests.swift in Sources */ = {isa = PBXBuildFile; fileRef = 400D25A727FDBBC200C55D4D /* Tests_macOSLaunchTests.swift */; };
		400D25A927FDBBC200C55D4D /* Homework_1App.swift in Sources */ = {isa = PBXBuildFile; fileRef = 400D258127FDBBC000C55D4D /* Homework_1App.swift */; };
		400D25AA27FDBBC200C55D4D /* Homework_1App.swift in Sources */ = {isa = PBXBuildFile; fileRef = 400D258127FDBBC000C55D4D /* Homework_1App.swift */; };
		400D25AB27FDBBC200C55D4D /* ContentView.swift in Sources */ = {isa = PBXBuildFile; fileRef = 400D258227FDBBC000C55D4D /* ContentView.swift */; };
		400D25AC27FDBBC200C55D4D /* ContentView.swift in Sources */ = {isa = PBXBuildFile; fileRef = 400D258227FDBBC000C55D4D /* ContentView.swift */; };
		400D25AD27FDBBC200C55D4D /* Assets.xcassets in Resources */ = {isa = PBXBuildFile; fileRef = 400D258327FDBBC200C55D4D /* Assets.xcassets */; };
		400D25AE27FDBBC200C55D4D /* Assets.xcassets in Resources */ = {isa = PBXBuildFile; fileRef = 400D258327FDBBC200C55D4D /* Assets.xcassets */; };
/* End PBXBuildFile section */

/* Begin PBXContainerItemProxy section */
		400D259627FDBBC200C55D4D /* PBXContainerItemProxy */ = {
			isa = PBXContainerItemProxy;
			containerPortal = 400D257C27FDBBC000C55D4D /* Project object */;
			proxyType = 1;
			remoteGlobalIDString = 400D258727FDBBC200C55D4D;
			remoteInfo = "Homework_1 (iOS)";
		};
		400D25A227FDBBC200C55D4D /* PBXContainerItemProxy */ = {
			isa = PBXContainerItemProxy;
			containerPortal = 400D257C27FDBBC000C55D4D /* Project object */;
			proxyType = 1;
			remoteGlobalIDString = 400D258D27FDBBC200C55D4D;
			remoteInfo = "Homework_1 (macOS)";
		};
/* End PBXContainerItemProxy section */

/* Begin PBXFileReference section */
		400D258127FDBBC000C55D4D /* Homework_1App.swift */ = {isa = PBXFileReference; lastKnownFileType = sourcecode.swift; path = Homework_1App.swift; sourceTree = "<group>"; };
		400D258227FDBBC000C55D4D /* ContentView.swift */ = {isa = PBXFileReference; lastKnownFileType = sourcecode.swift; path = ContentView.swift; sourceTree = "<group>"; };
		400D258327FDBBC200C55D4D /* Assets.xcassets */ = {isa = PBXFileReference; lastKnownFileType = folder.assetcatalog; path = Assets.xcassets; sourceTree = "<group>"; };
		400D258827FDBBC200C55D4D /* Homework_1.app */ = {isa = PBXFileReference; explicitFileType = wrapper.application; includeInIndex = 0; path = Homework_1.app; sourceTree = BUILT_PRODUCTS_DIR; };
		400D258E27FDBBC200C55D4D /* Homework_1.app */ = {isa = PBXFileReference; explicitFileType = wrapper.application; includeInIndex = 0; path = Homework_1.app; sourceTree = BUILT_PRODUCTS_DIR; };
		400D259027FDBBC200C55D4D /* macOS.entitlements */ = {isa = PBXFileReference; lastKnownFileType = text.plist.entitlements; path = macOS.entitlements; sourceTree = "<group>"; };
		400D259527FDBBC200C55D4D /* Tests iOS.xctest */ = {isa = PBXFileReference; explicitFileType = wrapper.cfbundle; includeInIndex = 0; path = "Tests iOS.xctest"; sourceTree = BUILT_PRODUCTS_DIR; };
		400D259927FDBBC200C55D4D /* Tests_iOS.swift */ = {isa = PBXFileReference; lastKnownFileType = sourcecode.swift; path = Tests_iOS.swift; sourceTree = "<group>"; };
		400D259B27FDBBC200C55D4D /* Tests_iOSLaunchTests.swift */ = {isa = PBXFileReference; lastKnownFileType = sourcecode.swift; path = Tests_iOSLaunchTests.swift; sourceTree = "<group>"; };
		400D25A127FDBBC200C55D4D /* Tests macOS.xctest */ = {isa = PBXFileReference; explicitFileType = wrapper.cfbundle; includeInIndex = 0; path = "Tests macOS.xctest"; sourceTree = BUILT_PRODUCTS_DIR; };
		400D25A527FDBBC200C55D4D /* Tests_macOS.swift */ = {isa = PBXFileReference; lastKnownFileType = sourcecode.swift; path = Tests_macOS.swift; sourceTree = "<group>"; };
		400D25A727FDBBC200C55D4D /* Tests_macOSLaunchTests.swift */ = {isa = PBXFileReference; lastKnownFileType = sourcecode.swift; path = Tests_macOSLaunchTests.swift; sourceTree = "<group>"; };
/* End PBXFileReference section */

/* Begin PBXFrameworksBuildPhase section */
		400D258527FDBBC200C55D4D /* Frameworks */ = {
			isa = PBXFrameworksBuildPhase;
			buildActionMask = 2147483647;
			files = (
			);
			runOnlyForDeploymentPostprocessing = 0;
		};
		400D258B27FDBBC200C55D4D /* Frameworks */ = {
			isa = PBXFrameworksBuildPhase;
			buildActionMask = 2147483647;
			files = (
			);
			runOnlyForDeploymentPostprocessing = 0;
		};
		400D259227FDBBC200C55D4D /* Frameworks */ = {
			isa = PBXFrameworksBuildPhase;
			buildActionMask = 2147483647;
			files = (
			);
			runOnlyForDeploymentPostprocessing = 0;
		};
		400D259E27FDBBC200C55D4D /* Frameworks */ = {
			isa = PBXFrameworksBuildPhase;
			buildActionMask = 2147483647;
			files = (
			);
			runOnlyForDeploymentPostprocessing = 0;
		};
/* End PBXFrameworksBuildPhase section */

/* Begin PBXGroup section */
		400D257B27FDBBC000C55D4D = {
			isa = PBXGroup;
			children = (
				400D258027FDBBC000C55D4D /* Shared */,
				400D258F27FDBBC200C55D4D /* macOS */,
				400D259827FDBBC200C55D4D /* Tests iOS */,
				400D25A427FDBBC200C55D4D /* Tests macOS */,
				400D258927FDBBC200C55D4D /* Products */,
			);
			sourceTree = "<group>";
		};
		400D258027FDBBC000C55D4D /* Shared */ = {
			isa = PBXGroup;
			children = (
				400D258127FDBBC000C55D4D /* Homework_1App.swift */,
				400D258227FDBBC000C55D4D /* ContentView.swift */,
				400D258327FDBBC200C55D4D /* Assets.xcassets */,
			);
			path = Shared;
			sourceTree = "<group>";
		};
		400D258927FDBBC200C55D4D /* Products */ = {
			isa = PBXGroup;
			children = (
				400D258827FDBBC200C55D4D /* Homework_1.app */,
				400D258E27FDBBC200C55D4D /* Homework_1.app */,
				400D259527FDBBC200C55D4D /* Tests iOS.xctest */,
				400D25A127FDBBC200C55D4D /* Tests macOS.xctest */,
			);
			name = Products;
			sourceTree = "<group>";
		};
		400D258F27FDBBC200C55D4D /* macOS */ = {
			isa = PBXGroup;
			children = (
				400D259027FDBBC200C55D4D /* macOS.entitlements */,
			);
			path = macOS;
			sourceTree = "<group>";
		};
		400D259827FDBBC200C55D4D /* Tests iOS */ = {
			isa = PBXGroup;
			children = (
				400D259927FDBBC200C55D4D /* Tests_iOS.swift */,
				400D259B27FDBBC200C55D4D /* Tests_iOSLaunchTests.swift */,
			);
			path = "Tests iOS";
			sourceTree = "<group>";
		};
		400D25A427FDBBC200C55D4D /* Tests macOS */ = {
			isa = PBXGroup;
			children = (
				400D25A527FDBBC200C55D4D /* Tests_macOS.swift */,
				400D25A727FDBBC200C55D4D /* Tests_macOSLaunchTests.swift */,
			);
			path = "Tests macOS";
			sourceTree = "<group>";
		};
/* End PBXGroup section */

/* Begin PBXNativeTarget section */
		400D258727FDBBC200C55D4D /* Homework_1 (iOS) */ = {
			isa = PBXNativeTarget;
			buildConfigurationList = 400D25B127FDBBC200C55D4D /* Build configuration list for PBXNativeTarget "Homework_1 (iOS)" */;
			buildPhases = (
				400D258427FDBBC200C55D4D /* Sources */,
				400D258527FDBBC200C55D4D /* Frameworks */,
				400D258627FDBBC200C55D4D /* Resources */,
			);
			buildRules = (
			);
			dependencies = (
			);
			name = "Homework_1 (iOS)";
			productName = "Homework_1 (iOS)";
			productReference = 400D258827FDBBC200C55D4D /* Homework_1.app */;
			productType = "com.apple.product-type.application";
		};
		400D258D27FDBBC200C55D4D /* Homework_1 (macOS) */ = {
			isa = PBXNativeTarget;
			buildConfigurationList = 400D25B427FDBBC200C55D4D /* Build configuration list for PBXNativeTarget "Homework_1 (macOS)" */;
			buildPhases = (
				400D258A27FDBBC200C55D4D /* Sources */,
				400D258B27FDBBC200C55D4D /* Frameworks */,
				400D258C27FDBBC200C55D4D /* Resources */,
			);
			buildRules = (
			);
			dependencies = (
			);
			name = "Homework_1 (macOS)";
			productName = "Homework_1 (macOS)";
			productReference = 400D258E27FDBBC200C55D4D /* Homework_1.app */;
			productType = "com.apple.product-type.application";
		};
		400D259427FDBBC200C55D4D /* Tests iOS */ = {
			isa = PBXNativeTarget;
			buildConfigurationList = 400D25B727FDBBC200C55D4D /* Build configuration list for PBXNativeTarget "Tests iOS" */;
			buildPhases = (
				400D259127FDBBC200C55D4D /* Sources */,
				400D259227FDBBC200C55D4D /* Frameworks */,
				400D259327FDBBC200C55D4D /* Resources */,
			);
			buildRules = (
			);
			dependencies = (
				400D259727FDBBC200C55D4D /* PBXTargetDependency */,
			);
			name = "Tests iOS";
			productName = "Tests iOS";
			productReference = 400D259527FDBBC200C55D4D /* Tests iOS.xctest */;
			productType = "com.apple.product-type.bundle.ui-testing";
		};
		400D25A027FDBBC200C55D4D /* Tests macOS */ = {
			isa = PBXNativeTarget;
			buildConfigurationList = 400D25BA27FDBBC200C55D4D /* Build configuration list for PBXNativeTarget "Tests macOS" */;
			buildPhases = (
				400D259D27FDBBC200C55D4D /* Sources */,
				400D259E27FDBBC200C55D4D /* Frameworks */,
				400D259F27FDBBC200C55D4D /* Resources */,
			);
			buildRules = (
			);
			dependencies = (
				400D25A327FDBBC200C55D4D /* PBXTargetDependency */,
			);
			name = "Tests macOS";
			productName = "Tests macOS";
			productReference = 400D25A127FDBBC200C55D4D /* Tests macOS.xctest */;
			productType = "com.apple.product-type.bundle.ui-testing";
		};
/* End PBXNativeTarget section */

/* Begin PBXProject section */
		400D257C27FDBBC000C55D4D /* Project object */ = {
			isa = PBXProject;
			attributes = {
				BuildIndependentTargetsInParallel = 1;
				LastSwiftUpdateCheck = 1330;
				LastUpgradeCheck = 1330;
				TargetAttributes = {
					400D258727FDBBC200C55D4D = {
						CreatedOnToolsVersion = 13.3;
					};
					400D258D27FDBBC200C55D4D = {
						CreatedOnToolsVersion = 13.3;
					};
					400D259427FDBBC200C55D4D = {
						CreatedOnToolsVersion = 13.3;
						TestTargetID = 400D258727FDBBC200C55D4D;
					};
					400D25A027FDBBC200C55D4D = {
						CreatedOnToolsVersion = 13.3;
						TestTargetID = 400D258D27FDBBC200C55D4D;
					};
				};
			};
			buildConfigurationList = 400D257F27FDBBC000C55D4D /* Build configuration list for PBXProject "Homework_1" */;
			compatibilityVersion = "Xcode 13.0";
			developmentRegion = en;
			hasScannedForEncodings = 0;
			knownRegions = (
				en,
				Base,
			);
			mainGroup = 400D257B27FDBBC000C55D4D;
			productRefGroup = 400D258927FDBBC200C55D4D /* Products */;
			projectDirPath = "";
			projectRoot = "";
			targets = (
				400D258727FDBBC200C55D4D /* Homework_1 (iOS) */,
				400D258D27FDBBC200C55D4D /* Homework_1 (macOS) */,
				400D259427FDBBC200C55D4D /* Tests iOS */,
				400D25A027FDBBC200C55D4D /* Tests macOS */,
			);
		};
/* End PBXProject section */

/* Begin PBXResourcesBuildPhase section */
		400D258627FDBBC200C55D4D /* Resources */ = {
			isa = PBXResourcesBuildPhase;
			buildActionMask = 2147483647;
			files = (
				400D25AD27FDBBC200C55D4D /* Assets.xcassets in Resources */,
			);
			runOnlyForDeploymentPostprocessing = 0;
		};
		400D258C27FDBBC200C55D4D /* Resources */ = {
			isa = PBXResourcesBuildPhase;
			buildActionMask = 2147483647;
			files = (
				400D25AE27FDBBC200C55D4D /* Assets.xcassets in Resources */,
			);
			runOnlyForDeploymentPostprocessing = 0;
		};
		400D259327FDBBC200C55D4D /* Resources */ = {
			isa = PBXResourcesBuildPhase;
			buildActionMask = 2147483647;
			files = (
			);
			runOnlyForDeploymentPostprocessing = 0;
		};
		400D259F27FDBBC200C55D4D /* Resources */ = {
			isa = PBXResourcesBuildPhase;
			buildActionMask = 2147483647;
			files = (
			);
			runOnlyForDeploymentPostprocessing = 0;
		};
/* End PBXResourcesBuildPhase section */

/* Begin PBXSourcesBuildPhase section */
		400D258427FDBBC200C55D4D /* Sources */ = {
			isa = PBXSourcesBuildPhase;
			buildActionMask = 2147483647;
			files = (
				400D25AB27FDBBC200C55D4D /* ContentView.swift in Sources */,
				400D25A927FDBBC200C55D4D /* Homework_1App.swift in Sources */,
			);
			runOnlyForDeploymentPostprocessing = 0;
		};
		400D258A27FDBBC200C55D4D /* Sources */ = {
			isa = PBXSourcesBuildPhase;
			buildActionMask = 2147483647;
			files = (
				400D25AC27FDBBC200C55D4D /* ContentView.swift in Sources */,
				400D25AA27FDBBC200C55D4D /* Homework_1App.swift in Sources */,
			);
			runOnlyForDeploymentPostprocessing = 0;
		};
		400D259127FDBBC200C55D4D /* Sources */ = {
			isa = PBXSourcesBuildPhase;
			buildActionMask = 2147483647;
			files = (
				400D259C27FDBBC200C55D4D /* Tests_iOSLaunchTests.swift in Sources */,
				400D259A27FDBBC200C55D4D /* Tests_iOS.swift in Sources */,
			);
			runOnlyForDeploymentPostprocessing = 0;
		};
		400D259D27FDBBC200C55D4D /* Sources */ = {
			isa = PBXSourcesBuildPhase;
			buildActionMask = 2147483647;
			files = (
				400D25A827FDBBC200C55D4D /* Tests_macOSLaunchTests.swift in Sources */,
				400D25A627FDBBC200C55D4D /* Tests_macOS.swift in Sources */,
			);
			runOnlyForDeploymentPostprocessing = 0;
		};
/* End PBXSourcesBuildPhase section */

/* Begin PBXTargetDependency section */
		400D259727FDBBC200C55D4D /* PBXTargetDependency */ = {
			isa = PBXTargetDependency;
			target = 400D258727FDBBC200C55D4D /* Homework_1 (iOS) */;
			targetProxy = 400D259627FDBBC200C55D4D /* PBXContainerItemProxy */;
		};
		400D25A327FDBBC200C55D4D /* PBXTargetDependency */ = {
			isa = PBXTargetDependency;
			target = 400D258D27FDBBC200C55D4D /* Homework_1 (macOS) */;
			targetProxy = 400D25A227FDBBC200C55D4D /* PBXContainerItemProxy */;
		};
/* End PBXTargetDependency section */

/* Begin XCBuildConfiguration section */
		400D25AF27FDBBC200C55D4D /* Debug */ = {
			isa = XCBuildConfiguration;
			buildSettings = {
				ALWAYS_SEARCH_USER_PATHS = NO;
				CLANG_ANALYZER_NONNULL = YES;
				CLANG_ANALYZER_NUMBER_OBJECT_CONVERSION = YES_AGGRESSIVE;
				CLANG_CXX_LANGUAGE_STANDARD = "gnu++17";
				CLANG_ENABLE_MODULES = YES;
				CLANG_ENABLE_OBJC_ARC = YES;
				CLANG_ENABLE_OBJC_WEAK = YES;
				CLANG_WARN_BLOCK_CAPTURE_AUTORELEASING = YES;
				CLANG_WARN_BOOL_CONVERSION = YES;
				CLANG_WARN_COMMA = YES;
				CLANG_WARN_CONSTANT_CONVERSION = YES;
				CLANG_WARN_DEPRECATED_OBJC_IMPLEMENTATIONS = YES;
				CLANG_WARN_DIRECT_OBJC_ISA_USAGE = YES_ERROR;
				CLANG_WARN_DOCUMENTATION_COMMENTS = YES;
				CLANG_WARN_EMPTY_BODY = YES;
				CLANG_WARN_ENUM_CONVERSION = YES;
				CLANG_WARN_INFINITE_RECURSION = YES;
				CLANG_WARN_INT_CONVERSION = YES;
				CLANG_WARN_NON_LITERAL_NULL_CONVERSION = YES;
				CLANG_WARN_OBJC_IMPLICIT_RETAIN_SELF = YES;
				CLANG_WARN_OBJC_LITERAL_CONVERSION = YES;
				CLANG_WARN_OBJC_ROOT_CLASS = YES_ERROR;
				CLANG_WARN_QUOTED_INCLUDE_IN_FRAMEWORK_HEADER = YES;
				CLANG_WARN_RANGE_LOOP_ANALYSIS = YES;
				CLANG_WARN_STRICT_PROTOTYPES = YES;
				CLANG_WARN_SUSPICIOUS_MOVE = YES;
				CLANG_WARN_UNGUARDED_AVAILABILITY = YES_AGGRESSIVE;
				CLANG_WARN_UNREACHABLE_CODE = YES;
				CLANG_WARN__DUPLICATE_METHOD_MATCH = YES;
				COPY_PHASE_STRIP = NO;
				DEBUG_INFORMATION_FORMAT = dwarf;
				ENABLE_STRICT_OBJC_MSGSEND = YES;
				ENABLE_TESTABILITY = YES;
				GCC_C_LANGUAGE_STANDARD = gnu11;
				GCC_DYNAMIC_NO_PIC = NO;
				GCC_NO_COMMON_BLOCKS = YES;
				GCC_OPTIMIZATION_LEVEL = 0;
				GCC_PREPROCESSOR_DEFINITIONS = (
					"DEBUG=1",
					"$(inherited)",
				);
				GCC_WARN_64_TO_32_BIT_CONVERSION = YES;
				GCC_WARN_ABOUT_RETURN_TYPE = YES_ERROR;
				GCC_WARN_UNDECLARED_SELECTOR = YES;
				GCC_WARN_UNINITIALIZED_AUTOS = YES_AGGRESSIVE;
				GCC_WARN_UNUSED_FUNCTION = YES;
				GCC_WARN_UNUSED_VARIABLE = YES;
				MTL_ENABLE_DEBUG_INFO = INCLUDE_SOURCE;
				MTL_FAST_MATH = YES;
				ONLY_ACTIVE_ARCH = YES;
				SWIFT_ACTIVE_COMPILATION_CONDITIONS = DEBUG;
				SWIFT_OPTIMIZATION_LEVEL = "-Onone";
			};
			name = Debug;
		};
		400D25B027FDBBC200C55D4D /* Release */ = {
			isa = XCBuildConfiguration;
			buildSettings = {
				ALWAYS_SEARCH_USER_PATHS = NO;
				CLANG_ANALYZER_NONNULL = YES;
				CLANG_ANALYZER_NUMBER_OBJECT_CONVERSION = YES_AGGRESSIVE;
				CLANG_CXX_LANGUAGE_STANDARD = "gnu++17";
				CLANG_ENABLE_MODULES = YES;
				CLANG_ENABLE_OBJC_ARC = YES;
				CLANG_ENABLE_OBJC_WEAK = YES;
				CLANG_WARN_BLOCK_CAPTURE_AUTORELEASING = YES;
				CLANG_WARN_BOOL_CONVERSION = YES;
				CLANG_WARN_COMMA = YES;
				CLANG_WARN_CONSTANT_CONVERSION = YES;
				CLANG_WARN_DEPRECATED_OBJC_IMPLEMENTATIONS = YES;
				CLANG_WARN_DIRECT_OBJC_ISA_USAGE = YES_ERROR;
				CLANG_WARN_DOCUMENTATION_COMMENTS = YES;
				CLANG_WARN_EMPTY_BODY = YES;
				CLANG_WARN_ENUM_CONVERSION = YES;
				CLANG_WARN_INFINITE_RECURSION = YES;
				CLANG_WARN_INT_CONVERSION = YES;
				CLANG_WARN_NON_LITERAL_NULL_CONVERSION = YES;
				CLANG_WARN_OBJC_IMPLICIT_RETAIN_SELF = YES;
				CLANG_WARN_OBJC_LITERAL_CONVERSION = YES;
				CLANG_WARN_OBJC_ROOT_CLASS = YES_ERROR;
				CLANG_WARN_QUOTED_INCLUDE_IN_FRAMEWORK_HEADER = YES;
				CLANG_WARN_RANGE_LOOP_ANALYSIS = YES;
				CLANG_WARN_STRICT_PROTOTYPES = YES;
				CLANG_WARN_SUSPICIOUS_MOVE = YES;
				CLANG_WARN_UNGUARDED_AVAILABILITY = YES_AGGRESSIVE;
				CLANG_WARN_UNREACHABLE_CODE = YES;
				CLANG_WARN__DUPLICATE_METHOD_MATCH = YES;
				COPY_PHASE_STRIP = NO;
				DEBUG_INFORMATION_FORMAT = "dwarf-with-dsym";
				ENABLE_NS_ASSERTIONS = NO;
				ENABLE_STRICT_OBJC_MSGSEND = YES;
				GCC_C_LANGUAGE_STANDARD = gnu11;
				GCC_NO_COMMON_BLOCKS = YES;
				GCC_WARN_64_TO_32_BIT_CONVERSION = YES;
				GCC_WARN_ABOUT_RETURN_TYPE = YES_ERROR;
				GCC_WARN_UNDECLARED_SELECTOR = YES;
				GCC_WARN_UNINITIALIZED_AUTOS = YES_AGGRESSIVE;
				GCC_WARN_UNUSED_FUNCTION = YES;
				GCC_WARN_UNUSED_VARIABLE = YES;
				MTL_ENABLE_DEBUG_INFO = NO;
				MTL_FAST_MATH = YES;
				SWIFT_COMPILATION_MODE = wholemodule;
				SWIFT_OPTIMIZATION_LEVEL = "-O";
			};
			name = Release;
		};
		400D25B227FDBBC200C55D4D /* Debug */ = {
			isa = XCBuildConfiguration;
			buildSettings = {
				ASSETCATALOG_COMPILER_APPICON_NAME = AppIcon;
				ASSETCATALOG_COMPILER_GLOBAL_ACCENT_COLOR_NAME = AccentColor;
				CODE_SIGN_STYLE = Automatic;
				CURRENT_PROJECT_VERSION = 1;
				DEVELOPMENT_TEAM = A225SA2Z6H;
				ENABLE_PREVIEWS = YES;
				GENERATE_INFOPLIST_FILE = YES;
				INFOPLIST_KEY_UIApplicationSceneManifest_Generation = YES;
				INFOPLIST_KEY_UIApplicationSupportsIndirectInputEvents = YES;
				INFOPLIST_KEY_UILaunchScreen_Generation = YES;
				INFOPLIST_KEY_UISupportedInterfaceOrientations_iPad = "UIInterfaceOrientationPortrait UIInterfaceOrientationPortraitUpsideDown UIInterfaceOrientationLandscapeLeft UIInterfaceOrientationLandscapeRight";
				INFOPLIST_KEY_UISupportedInterfaceOrientations_iPhone = "UIInterfaceOrientationPortrait UIInterfaceOrientationLandscapeLeft UIInterfaceOrientationLandscapeRight";
				IPHONEOS_DEPLOYMENT_TARGET = 15.4;
				LD_RUNPATH_SEARCH_PATHS = (
					"$(inherited)",
					"@executable_path/Frameworks",
				);
				MARKETING_VERSION = 1.0;
				PRODUCT_BUNDLE_IDENTIFIER = "rxStudy.Homework-1";
				PRODUCT_NAME = Homework_1;
				SDKROOT = iphoneos;
				SWIFT_EMIT_LOC_STRINGS = YES;
				SWIFT_VERSION = 5.0;
				TARGETED_DEVICE_FAMILY = "1,2";
			};
			name = Debug;
		};
		400D25B327FDBBC200C55D4D /* Release */ = {
			isa = XCBuildConfiguration;
			buildSettings = {
				ASSETCATALOG_COMPILER_APPICON_NAME = AppIcon;
				ASSETCATALOG_COMPILER_GLOBAL_ACCENT_COLOR_NAME = AccentColor;
				CODE_SIGN_STYLE = Automatic;
				CURRENT_PROJECT_VERSION = 1;
				DEVELOPMENT_TEAM = A225SA2Z6H;
				ENABLE_PREVIEWS = YES;
				GENERATE_INFOPLIST_FILE = YES;
				INFOPLIST_KEY_UIApplicationSceneManifest_Generation = YES;
				INFOPLIST_KEY_UIApplicationSupportsIndirectInputEvents = YES;
				INFOPLIST_KEY_UILaunchScreen_Generation = YES;
				INFOPLIST_KEY_UISupportedInterfaceOrientations_iPad = "UIInterfaceOrientationPortrait UIInterfaceOrientationPortraitUpsideDown UIInterfaceOrientationLandscapeLeft UIInterfaceOrientationLandscapeRight";
				INFOPLIST_KEY_UISupportedInterfaceOrientations_iPhone = "UIInterfaceOrientationPortrait UIInterfaceOrientationLandscapeLeft UIInterfaceOrientationLandscapeRight";
				IPHONEOS_DEPLOYMENT_TARGET = 15.4;
				LD_RUNPATH_SEARCH_PATHS = (
					"$(inherited)",
					"@executable_path/Frameworks",
				);
				MARKETING_VERSION = 1.0;
				PRODUCT_BUNDLE_IDENTIFIER = "rxStudy.Homework-1";
				PRODUCT_NAME = Homework_1;
				SDKROOT = iphoneos;
				SWIFT_EMIT_LOC_STRINGS = YES;
				SWIFT_VERSION = 5.0;
				TARGETED_DEVICE_FAMILY = "1,2";
				VALIDATE_PRODUCT = YES;
			};
			name = Release;
		};
		400D25B527FDBBC200C55D4D /* Debug */ = {
			isa = XCBuildConfiguration;
			buildSettings = {
				ASSETCATALOG_COMPILER_APPICON_NAME = AppIcon;
				ASSETCATALOG_COMPILER_GLOBAL_ACCENT_COLOR_NAME = AccentColor;
				CODE_SIGN_ENTITLEMENTS = macOS/macOS.entitlements;
				CODE_SIGN_STYLE = Automatic;
				COMBINE_HIDPI_IMAGES = YES;
				CURRENT_PROJECT_VERSION = 1;
				DEVELOPMENT_TEAM = A225SA2Z6H;
				ENABLE_HARDENED_RUNTIME = YES;
				ENABLE_PREVIEWS = YES;
				GENERATE_INFOPLIST_FILE = YES;
				INFOPLIST_KEY_NSHumanReadableCopyright = "";
				LD_RUNPATH_SEARCH_PATHS = (
					"$(inherited)",
					"@executable_path/../Frameworks",
				);
				MACOSX_DEPLOYMENT_TARGET = 12.3;
				MARKETING_VERSION = 1.0;
				PRODUCT_BUNDLE_IDENTIFIER = "rxStudy.Homework-1";
				PRODUCT_NAME = Homework_1;
				SDKROOT = macosx;
				SWIFT_EMIT_LOC_STRINGS = YES;
				SWIFT_VERSION = 5.0;
			};
			name = Debug;
		};
		400D25B627FDBBC200C55D4D /* Release */ = {
			isa = XCBuildConfiguration;
			buildSettings = {
				ASSETCATALOG_COMPILER_APPICON_NAME = AppIcon;
				ASSETCATALOG_COMPILER_GLOBAL_ACCENT_COLOR_NAME = AccentColor;
				CODE_SIGN_ENTITLEMENTS = macOS/macOS.entitlements;
				CODE_SIGN_STYLE = Automatic;
				COMBINE_HIDPI_IMAGES = YES;
				CURRENT_PROJECT_VERSION = 1;
				DEVELOPMENT_TEAM = A225SA2Z6H;
				ENABLE_HARDENED_RUNTIME = YES;
				ENABLE_PREVIEWS = YES;
				GENERATE_INFOPLIST_FILE = YES;
				INFOPLIST_KEY_NSHumanReadableCopyright = "";
				LD_RUNPATH_SEARCH_PATHS = (
					"$(inherited)",
					"@executable_path/../Frameworks",
				);
				MACOSX_DEPLOYMENT_TARGET = 12.3;
				MARKETING_VERSION = 1.0;
				PRODUCT_BUNDLE_IDENTIFIER = "rxStudy.Homework-1";
				PRODUCT_NAME = Homework_1;
				SDKROOT = macosx;
				SWIFT_EMIT_LOC_STRINGS = YES;
				SWIFT_VERSION = 5.0;
			};
			name = Release;
		};
		400D25B827FDBBC200C55D4D /* Debug */ = {
			isa = XCBuildConfiguration;
			buildSettings = {
				ALWAYS_EMBED_SWIFT_STANDARD_LIBRARIES = YES;
				CODE_SIGN_STYLE = Automatic;
				CURRENT_PROJECT_VERSION = 1;
				DEVELOPMENT_TEAM = A225SA2Z6H;
				GENERATE_INFOPLIST_FILE = YES;
				IPHONEOS_DEPLOYMENT_TARGET = 15.4;
				MARKETING_VERSION = 1.0;
				PRODUCT_BUNDLE_IDENTIFIER = "rxStudy.Tests-iOS";
				PRODUCT_NAME = "$(TARGET_NAME)";
				SDKROOT = iphoneos;
				SWIFT_EMIT_LOC_STRINGS = NO;
				SWIFT_VERSION = 5.0;
				TARGETED_DEVICE_FAMILY = "1,2";
				TEST_TARGET_NAME = "Homework_1 (iOS)";
			};
			name = Debug;
		};
		400D25B927FDBBC200C55D4D /* Release */ = {
			isa = XCBuildConfiguration;
			buildSettings = {
				ALWAYS_EMBED_SWIFT_STANDARD_LIBRARIES = YES;
				CODE_SIGN_STYLE = Automatic;
				CURRENT_PROJECT_VERSION = 1;
				DEVELOPMENT_TEAM = A225SA2Z6H;
				GENERATE_INFOPLIST_FILE = YES;
				IPHONEOS_DEPLOYMENT_TARGET = 15.4;
				MARKETING_VERSION = 1.0;
				PRODUCT_BUNDLE_IDENTIFIER = "rxStudy.Tests-iOS";
				PRODUCT_NAME = "$(TARGET_NAME)";
				SDKROOT = iphoneos;
				SWIFT_EMIT_LOC_STRINGS = NO;
				SWIFT_VERSION = 5.0;
				TARGETED_DEVICE_FAMILY = "1,2";
				TEST_TARGET_NAME = "Homework_1 (iOS)";
				VALIDATE_PRODUCT = YES;
			};
			name = Release;
		};
		400D25BB27FDBBC200C55D4D /* Debug */ = {
			isa = XCBuildConfiguration;
			buildSettings = {
				ALWAYS_EMBED_SWIFT_STANDARD_LIBRARIES = YES;
				CODE_SIGN_STYLE = Automatic;
				CURRENT_PROJECT_VERSION = 1;
				DEVELOPMENT_TEAM = A225SA2Z6H;
				GENERATE_INFOPLIST_FILE = YES;
				MACOSX_DEPLOYMENT_TARGET = 12.3;
				MARKETING_VERSION = 1.0;
				PRODUCT_BUNDLE_IDENTIFIER = "rxStudy.Tests-macOS";
				PRODUCT_NAME = "$(TARGET_NAME)";
				SDKROOT = macosx;
				SWIFT_EMIT_LOC_STRINGS = NO;
				SWIFT_VERSION = 5.0;
				TEST_TARGET_NAME = "Homework_1 (macOS)";
			};
			name = Debug;
		};
		400D25BC27FDBBC200C55D4D /* Release */ = {
			isa = XCBuildConfiguration;
			buildSettings = {
				ALWAYS_EMBED_SWIFT_STANDARD_LIBRARIES = YES;
				CODE_SIGN_STYLE = Automatic;
				CURRENT_PROJECT_VERSION = 1;
				DEVELOPMENT_TEAM = A225SA2Z6H;
				GENERATE_INFOPLIST_FILE = YES;
				MACOSX_DEPLOYMENT_TARGET = 12.3;
				MARKETING_VERSION = 1.0;
				PRODUCT_BUNDLE_IDENTIFIER = "rxStudy.Tests-macOS";
				PRODUCT_NAME = "$(TARGET_NAME)";
				SDKROOT = macosx;
				SWIFT_EMIT_LOC_STRINGS = NO;
				SWIFT_VERSION = 5.0;
				TEST_TARGET_NAME = "Homework_1 (macOS)";
			};
			name = Release;
		};
/* End XCBuildConfiguration section */

/* Begin XCConfigurationList section */
		400D257F27FDBBC000C55D4D /* Build configuration list for PBXProject "Homework_1" */ = {
			isa = XCConfigurationList;
			buildConfigurations = (
				400D25AF27FDBBC200C55D4D /* Debug */,
				400D25B027FDBBC200C55D4D /* Release */,
			);
			defaultConfigurationIsVisible = 0;
			defaultConfigurationName = Release;
		};
		400D25B127FDBBC200C55D4D /* Build configuration list for PBXNativeTarget "Homework_1 (iOS)" */ = {
			isa = XCConfigurationList;
			buildConfigurations = (
				400D25B227FDBBC200C55D4D /* Debug */,
				400D25B327FDBBC200C55D4D /* Release */,
			);
			defaultConfigurationIsVisible = 0;
			defaultConfigurationName = Release;
		};
		400D25B427FDBBC200C55D4D /* Build configuration list for PBXNativeTarget "Homework_1 (macOS)" */ = {
			isa = XCConfigurationList;
			buildConfigurations = (
				400D25B527FDBBC200C55D4D /* Debug */,
				400D25B627FDBBC200C55D4D /* Release */,
			);
			defaultConfigurationIsVisible = 0;
			defaultConfigurationName = Release;
		};
		400D25B727FDBBC200C55D4D /* Build configuration list for PBXNativeTarget "Tests iOS" */ = {
			isa = XCConfigurationList;
			buildConfigurations = (
				400D25B827FDBBC200C55D4D /* Debug */,
				400D25B927FDBBC200C55D4D /* Release */,
			);
			defaultConfigurationIsVisible = 0;
			defaultConfigurationName = Release;
		};
		400D25BA27FDBBC200C55D4D /* Build configuration list for PBXNativeTarget "Tests macOS" */ = {
			isa = XCConfigurationList;
			buildConfigurations = (
				400D25BB27FDBBC200C55D4D /* Debug */,
				400D25BC27FDBBC200C55D4D /* Release */,
			);
			defaultConfigurationIsVisible = 0;
			defaultConfigurationName = Release;
		};
/* End XCConfigurationList section */
	};
	rootObject = 400D257C27FDBBC000C55D4D /* Project object */;
}
